
Microsoft Visual Studio Solution File, Format Version 12.00
# Visual Studio Version 16
VisualStudioVersion = 16.0.29424.173
MinimumVisualStudioVersion = 10.0.40219.1
Project("{FAE04EC0-301F-11D3-BF4B-00C04F79EFBC}") = "AssemblyLineKanban", "AssemblyLineKanban\AssemblyLineKanban.csproj", "{A8FCBE47-4139-4A9F-B4AC-1B61DDAB1F9A}"
EndProject
Global
	GlobalSection(SolutionConfigurationPlatforms) = preSolution
		Debug|Any CPU = Debug|Any CPU
		Release|Any CPU = Release|Any CPU
	EndGlobalSection
	GlobalSection(ProjectConfigurationPlatforms) = postSolution
		{A8FCBE47-4139-4A9F-B4AC-1B61DDAB1F9A}.Debug|Any CPU.ActiveCfg = Debug|Any CPU
		{A8FCBE47-4139-4A9F-B4AC-1B61DDAB1F9A}.Debug|Any CPU.Build.0 = Debug|Any CPU
		{A8FCBE47-4139-4A9F-B4AC-1B61DDAB1F9A}.Release|Any CPU.ActiveCfg = Release|Any CPU
		{A8FCBE47-4139-4A9F-B4AC-1B61DDAB1F9A}.Release|Any CPU.Build.0 = Release|Any CPU
	EndGlobalSection
	GlobalSection(SolutionProperties) = preSolution
		HideSolutionNode = FALSE
	EndGlobalSection
	GlobalSection(ExtensibilityGlobals) = postSolution
		SolutionGuid = {023B3AD4-EAC0-4152-9310-118850A7CB81}
	EndGlobalSection
EndGlobal
